# THIS IS AN AUTOGENERATED FILE. DO NOT EDIT THIS FILE DIRECTLY.
# yarn lockfile v1


"@types/node@^18.11.9":
  version "18.11.9"
  resolved "https://registry.yarnpkg.com/@types/node/-/node-18.11.9.tgz#02d013de7058cea16d36168ef2fc653464cfbad4"
  integrity sha512-CRpX21/kGdzjOpFsZSkcrXMGIBWMGNIHXXBVFSH+ggkftxg+XYP20TESbh+zFvFj3EQOl5byk0HTRn1IL6hbqg==

js-hcl-parser@^1.0.1:
  version "1.0.1"
  resolved "https://registry.yarnpkg.com/js-hcl-parser/-/js-hcl-parser-1.0.1.tgz#846e1a169a1fdacb7bb76317b8ef452d9c6a3711"
  integrity sha512-fCs/gex31g5FYiXItz6UJBJpKnQoRE7+B3yVv6YqPKce9/k/a0QlJXjoicfvt8jGLy8CHKJ641RXe93xSZCM7A==

typescript@^4.9.3:
  version "4.9.3"
  resolved "https://registry.yarnpkg.com/typescript/-/typescript-4.9.3.tgz#3aea307c1746b8c384435d8ac36b8a2e580d85db"
  integrity sha512-CIfGzTelbKNEnLpLdGFgdyKhG23CKdKgQPOBc+OUNrkJ2vr+KSzsSV5kq5iWhEQbok+quxgGzrAtGWCyU7tHnA==
